
Microsoft Visual Studio Solution File, Format Version 12.00
# Visual Studio 15
VisualStudioVersion = 15.0.28307.168
MinimumVisualStudioVersion = 10.0.40219.1
Project("{FAE04EC0-301F-11D3-BF4B-00C04F79EFBC}") = "Staff", "Staff\Staff.csproj", "{21C21E2F-F7A2-48B9-8F72-0CBB5447412D}"
EndProject
Global
	GlobalSection(SolutionConfigurationPlatforms) = preSolution
		Debug|Any CPU = Debug|Any CPU
		Release|Any CPU = Release|Any CPU
	EndGlobalSection
	GlobalSection(ProjectConfigurationPlatforms) = postSolution
		{21C21E2F-F7A2-48B9-8F72-0CBB5447412D}.Debug|Any CPU.ActiveCfg = Debug|Any CPU
		{21C21E2F-F7A2-48B9-8F72-0CBB5447412D}.Debug|Any CPU.Build.0 = Debug|Any CPU
		{21C21E2F-F7A2-48B9-8F72-0CBB5447412D}.Release|Any CPU.ActiveCfg = Release|Any CPU
		{21C21E2F-F7A2-48B9-8F72-0CBB5447412D}.Release|Any CPU.Build.0 = Release|Any CPU
	EndGlobalSection
	GlobalSection(SolutionProperties) = preSolution
		HideSolutionNode = FALSE
	EndGlobalSection
	GlobalSection(ExtensibilityGlobals) = postSolution
		SolutionGuid = {DFCA177D-373E-4230-BA3D-A2FA8D7B097B}
	EndGlobalSection
EndGlobal
